{
  "meteor": {},
  "dependencies": {
    "basePackages": {
      "iron-router": {},
      "fastclick": {},
      "momentjs": {},
      "jquery-ui-sortable": {},
      "chartjs": {}
    },
    "packages": {
      "iron-router": {
        "git": "https://github.com/EventedMind/iron-router.git",
        "tag": "v0.6.1",
        "commit": "4e1ee0581d68bff422a915dacb0bd30eae10fe08"
      },
      "fastclick": {
        "git": "https://github.com/percolatestudio/meteor-fastclick",
        "tag": "v0.6.7",
        "commit": "fcb3bfd34d9f6874e626b4e24e8f54107938db41"
      },
      "momentjs": {
        "git": "https://github.com/crapthings/meteor-momentjs.git",
        "tag": "v2.1.0.2",
        "commit": "59a762e297082eea8b8cae00374c2b7ac6f89529"
      },
      "jquery-ui-sortable": {
        "git": "https://github.com/rgm/meteor-jquery-ui-sortable.git",
        "tag": "v1.10.3",
        "commit": "4423bd4b28cd81df91400a6bcb2a3d82e72894dc"
      },
      "chartjs": {
        "git": "https://github.com/donskifarrell/meteor-chartjs.git",
        "tag": "v0.0.4",
        "commit": "9d2adcd1de3728c8227e8eb7da0dcb2e0df21d0b"
      }
    }
  }
}
